
Microsoft Visual Studio Solution File, Format Version 12.00
# Visual Studio Version 16
VisualStudioVersion = 16.0.31205.134
MinimumVisualStudioVersion = 10.0.40219.1
Project("{FAE04EC0-301F-11D3-BF4B-00C04F79EFBC}") = "FBgame", "FBgame.csproj", "{6E5BDE4E-04D7-453F-A618-5C3B9F370AE5}"
EndProject
Global
	GlobalSection(SolutionConfigurationPlatforms) = preSolution
		Debug|Any CPU = Debug|Any CPU
		Release|Any CPU = Release|Any CPU
	EndGlobalSection
	GlobalSection(ProjectConfigurationPlatforms) = postSolution
		{6E5BDE4E-04D7-453F-A618-5C3B9F370AE5}.Debug|Any CPU.ActiveCfg = Debug|Any CPU
		{6E5BDE4E-04D7-453F-A618-5C3B9F370AE5}.Debug|Any CPU.Build.0 = Debug|Any CPU
		{6E5BDE4E-04D7-453F-A618-5C3B9F370AE5}.Release|Any CPU.ActiveCfg = Release|Any CPU
		{6E5BDE4E-04D7-453F-A618-5C3B9F370AE5}.Release|Any CPU.Build.0 = Release|Any CPU
	EndGlobalSection
	GlobalSection(SolutionProperties) = preSolution
		HideSolutionNode = FALSE
	EndGlobalSection
	GlobalSection(ExtensibilityGlobals) = postSolution
		SolutionGuid = {0B5984FF-8E1B-4AB9-9D70-0FB073FD9134}
	EndGlobalSection
EndGlobal
